
Microsoft Visual Studio Solution File, Format Version 12.00
# Visual Studio 15
VisualStudioVersion = 15.0.28010.0
MinimumVisualStudioVersion = 10.0.40219.1
Project("{FAE04EC0-301F-11D3-BF4B-00C04F79EFBC}") = "MefTest", "MefTest\MefTest.csproj", "{B7AE13CA-3C8E-4DFB-9DCF-481D95ED39A8}"
EndProject
Project("{FAE04EC0-301F-11D3-BF4B-00C04F79EFBC}") = "MyPlugin", "MyPlugin\MyPlugin.csproj", "{AA75288F-53E5-4149-9F8B-D7688FBC80D8}"
EndProject
Global
	GlobalSection(SolutionConfigurationPlatforms) = preSolution
		Debug|Any CPU = Debug|Any CPU
		Release|Any CPU = Release|Any CPU
	EndGlobalSection
	GlobalSection(ProjectConfigurationPlatforms) = postSolution
		{B7AE13CA-3C8E-4DFB-9DCF-481D95ED39A8}.Debug|Any CPU.ActiveCfg = Debug|Any CPU
		{B7AE13CA-3C8E-4DFB-9DCF-481D95ED39A8}.Debug|Any CPU.Build.0 = Debug|Any CPU
		{B7AE13CA-3C8E-4DFB-9DCF-481D95ED39A8}.Release|Any CPU.ActiveCfg = Release|Any CPU
		{B7AE13CA-3C8E-4DFB-9DCF-481D95ED39A8}.Release|Any CPU.Build.0 = Release|Any CPU
		{AA75288F-53E5-4149-9F8B-D7688FBC80D8}.Debug|Any CPU.ActiveCfg = Debug|Any CPU
		{AA75288F-53E5-4149-9F8B-D7688FBC80D8}.Debug|Any CPU.Build.0 = Debug|Any CPU
		{AA75288F-53E5-4149-9F8B-D7688FBC80D8}.Release|Any CPU.ActiveCfg = Release|Any CPU
		{AA75288F-53E5-4149-9F8B-D7688FBC80D8}.Release|Any CPU.Build.0 = Release|Any CPU
	EndGlobalSection
	GlobalSection(SolutionProperties) = preSolution
		HideSolutionNode = FALSE
	EndGlobalSection
	GlobalSection(ExtensibilityGlobals) = postSolution
		SolutionGuid = {36D441AF-FBDA-453F-9A12-36B7E71FCB2F}
	EndGlobalSection
EndGlobal
